
Microsoft Visual Studio Solution File, Format Version 12.00
# Visual Studio 2013
VisualStudioVersion = 12.0.30110.0
MinimumVisualStudioVersion = 10.0.40219.1
Project("{FAE04EC0-301F-11D3-BF4B-00C04F79EFBC}") = "XMLDataSourceTest", "XMLDataSourceTest\XMLDataSourceTest.csproj", "{4815E398-E4CD-4782-A0C8-E884FBC5D016}"
EndProject
Project("{FAE04EC0-301F-11D3-BF4B-00C04F79EFBC}") = "QtDataTrace.UI", "QtDataTrace.UI\QtDataTrace.UI.csproj", "{089C6E00-E2DA-4E88-BFD1-71E8668331CA}"
EndProject
Project("{FAE04EC0-301F-11D3-BF4B-00C04F79EFBC}") = "QtDataTrace.Access", "QtDataTrace.Access\QtDataTrace.Access.csproj", "{830843C1-AC61-4A99-BF5F-42EEC143E352}"
EndProject
Project("{FAE04EC0-301F-11D3-BF4B-00C04F79EFBC}") = "QtDataTrace.Interfaces", "QtDataTrace.Interfaces\QtDataTrace.Interfaces.csproj", "{41ECBE03-933E-41D6-A1C6-EB7B20EE46BD}"
EndProject
Project("{FAE04EC0-301F-11D3-BF4B-00C04F79EFBC}") = "QtDataTrace.IService", "QtDataTrace.IService\QtDataTrace.IService.csproj", "{74E2E529-8309-4E7D-81EB-F134CF29195F}"
EndProject
Project("{FAE04EC0-301F-11D3-BF4B-00C04F79EFBC}") = "MPPOAccess", "MPPOAccess\MPPOAccess.csproj", "{3F992AD7-5A86-4522-A34D-D6551BB8A262}"
EndProject
Project("{FAE04EC0-301F-11D3-BF4B-00C04F79EFBC}") = "QtDataTrace.AnalyzeService", "QtDataTrace.AnalyzeService\QtDataTrace.AnalyzeService.csproj", "{1768BB50-DC35-4903-A9AE-7B091F409076}"
EndProject
Project("{FAE04EC0-301F-11D3-BF4B-00C04F79EFBC}") = "QtDataTrace.AnalyzeIService", "QtDataTrace.AnalyzeIService\QtDataTrace.AnalyzeIService.csproj", "{CF0E6554-6B4C-4C0E-BEAC-E52905D1F963}"
EndProject
Global
	GlobalSection(SolutionConfigurationPlatforms) = preSolution
		Debug|Any CPU = Debug|Any CPU
		Release|Any CPU = Release|Any CPU
	EndGlobalSection
	GlobalSection(ProjectConfigurationPlatforms) = postSolution
		{4815E398-E4CD-4782-A0C8-E884FBC5D016}.Debug|Any CPU.ActiveCfg = Debug|Any CPU
		{4815E398-E4CD-4782-A0C8-E884FBC5D016}.Debug|Any CPU.Build.0 = Debug|Any CPU
		{4815E398-E4CD-4782-A0C8-E884FBC5D016}.Release|Any CPU.ActiveCfg = Release|Any CPU
		{4815E398-E4CD-4782-A0C8-E884FBC5D016}.Release|Any CPU.Build.0 = Release|Any CPU
		{089C6E00-E2DA-4E88-BFD1-71E8668331CA}.Debug|Any CPU.ActiveCfg = Debug|Any CPU
		{089C6E00-E2DA-4E88-BFD1-71E8668331CA}.Debug|Any CPU.Build.0 = Debug|Any CPU
		{089C6E00-E2DA-4E88-BFD1-71E8668331CA}.Release|Any CPU.ActiveCfg = Release|Any CPU
		{089C6E00-E2DA-4E88-BFD1-71E8668331CA}.Release|Any CPU.Build.0 = Release|Any CPU
		{830843C1-AC61-4A99-BF5F-42EEC143E352}.Debug|Any CPU.ActiveCfg = Debug|Any CPU
		{830843C1-AC61-4A99-BF5F-42EEC143E352}.Debug|Any CPU.Build.0 = Debug|Any CPU
		{830843C1-AC61-4A99-BF5F-42EEC143E352}.Release|Any CPU.ActiveCfg = Release|Any CPU
		{830843C1-AC61-4A99-BF5F-42EEC143E352}.Release|Any CPU.Build.0 = Release|Any CPU
		{41ECBE03-933E-41D6-A1C6-EB7B20EE46BD}.Debug|Any CPU.ActiveCfg = Debug|Any CPU
		{41ECBE03-933E-41D6-A1C6-EB7B20EE46BD}.Debug|Any CPU.Build.0 = Debug|Any CPU
		{41ECBE03-933E-41D6-A1C6-EB7B20EE46BD}.Release|Any CPU.ActiveCfg = Release|Any CPU
		{41ECBE03-933E-41D6-A1C6-EB7B20EE46BD}.Release|Any CPU.Build.0 = Release|Any CPU
		{74E2E529-8309-4E7D-81EB-F134CF29195F}.Debug|Any CPU.ActiveCfg = Debug|Any CPU
		{74E2E529-8309-4E7D-81EB-F134CF29195F}.Debug|Any CPU.Build.0 = Debug|Any CPU
		{74E2E529-8309-4E7D-81EB-F134CF29195F}.Release|Any CPU.ActiveCfg = Release|Any CPU
		{74E2E529-8309-4E7D-81EB-F134CF29195F}.Release|Any CPU.Build.0 = Release|Any CPU
		{3F992AD7-5A86-4522-A34D-D6551BB8A262}.Debug|Any CPU.ActiveCfg = Debug|Any CPU
		{3F992AD7-5A86-4522-A34D-D6551BB8A262}.Debug|Any CPU.Build.0 = Debug|Any CPU
		{3F992AD7-5A86-4522-A34D-D6551BB8A262}.Release|Any CPU.ActiveCfg = Release|Any CPU
		{3F992AD7-5A86-4522-A34D-D6551BB8A262}.Release|Any CPU.Build.0 = Release|Any CPU
		{1768BB50-DC35-4903-A9AE-7B091F409076}.Debug|Any CPU.ActiveCfg = Debug|Any CPU
		{1768BB50-DC35-4903-A9AE-7B091F409076}.Debug|Any CPU.Build.0 = Debug|Any CPU
		{1768BB50-DC35-4903-A9AE-7B091F409076}.Release|Any CPU.ActiveCfg = Release|Any CPU
		{1768BB50-DC35-4903-A9AE-7B091F409076}.Release|Any CPU.Build.0 = Release|Any CPU
		{CF0E6554-6B4C-4C0E-BEAC-E52905D1F963}.Debug|Any CPU.ActiveCfg = Debug|Any CPU
		{CF0E6554-6B4C-4C0E-BEAC-E52905D1F963}.Debug|Any CPU.Build.0 = Debug|Any CPU
		{CF0E6554-6B4C-4C0E-BEAC-E52905D1F963}.Release|Any CPU.ActiveCfg = Release|Any CPU
		{CF0E6554-6B4C-4C0E-BEAC-E52905D1F963}.Release|Any CPU.Build.0 = Release|Any CPU
	EndGlobalSection
	GlobalSection(SolutionProperties) = preSolution
		HideSolutionNode = FALSE
	EndGlobalSection
EndGlobal
